
Microsoft Visual Studio Solution File, Format Version 12.00
# Visual Studio Version 18
VisualStudioVersion = 18.2.11415.280 d18.0
MinimumVisualStudioVersion = 10.0.40219.1
Project("{FAE04EC0-301F-11D3-BF4B-00C04F79EFBC}") = "TodoList", "TodoList\TodoList.csproj", "{21CDAE8C-4911-4940-A666-9CF4DBB28F47}"
EndProject
Project("{FAE04EC0-301F-11D3-BF4B-00C04F79EFBC}") = "TodoListModels", "TodoListModels\TodoListModels.csproj", "{288FE9A1-2902-41CB-9E2D-8D44455FF9EE}"
EndProject
Project("{FAE04EC0-301F-11D3-BF4B-00C04F79EFBC}") = "TodoListDataLayer", "TodoListDataLayer\TodoListDataLayer.csproj", "{86EB4BCA-E82F-48E0-9AAB-8F7CE34E066D}"
EndProject
Global
	GlobalSection(SolutionConfigurationPlatforms) = preSolution
		Debug|Any CPU = Debug|Any CPU
		Release|Any CPU = Release|Any CPU
	EndGlobalSection
	GlobalSection(ProjectConfigurationPlatforms) = postSolution
		{21CDAE8C-4911-4940-A666-9CF4DBB28F47}.Debug|Any CPU.ActiveCfg = Debug|Any CPU
		{21CDAE8C-4911-4940-A666-9CF4DBB28F47}.Debug|Any CPU.Build.0 = Debug|Any CPU
		{21CDAE8C-4911-4940-A666-9CF4DBB28F47}.Release|Any CPU.ActiveCfg = Release|Any CPU
		{21CDAE8C-4911-4940-A666-9CF4DBB28F47}.Release|Any CPU.Build.0 = Release|Any CPU
		{288FE9A1-2902-41CB-9E2D-8D44455FF9EE}.Debug|Any CPU.ActiveCfg = Debug|Any CPU
		{288FE9A1-2902-41CB-9E2D-8D44455FF9EE}.Debug|Any CPU.Build.0 = Debug|Any CPU
		{288FE9A1-2902-41CB-9E2D-8D44455FF9EE}.Release|Any CPU.ActiveCfg = Release|Any CPU
		{288FE9A1-2902-41CB-9E2D-8D44455FF9EE}.Release|Any CPU.Build.0 = Release|Any CPU
		{86EB4BCA-E82F-48E0-9AAB-8F7CE34E066D}.Debug|Any CPU.ActiveCfg = Debug|Any CPU
		{86EB4BCA-E82F-48E0-9AAB-8F7CE34E066D}.Debug|Any CPU.Build.0 = Debug|Any CPU
		{86EB4BCA-E82F-48E0-9AAB-8F7CE34E066D}.Release|Any CPU.ActiveCfg = Release|Any CPU
		{86EB4BCA-E82F-48E0-9AAB-8F7CE34E066D}.Release|Any CPU.Build.0 = Release|Any CPU
	EndGlobalSection
	GlobalSection(SolutionProperties) = preSolution
		HideSolutionNode = FALSE
	EndGlobalSection
	GlobalSection(ExtensibilityGlobals) = postSolution
		SolutionGuid = {ABD7F584-FC6C-4DB9-9AF9-8BB3AA6D8A64}
	EndGlobalSection
EndGlobal
